
Microsoft Visual Studio Solution File, Format Version 12.00
# Visual Studio Version 16
VisualStudioVersion = 16.0.30717.126
MinimumVisualStudioVersion = 10.0.40219.1
Project("{9092AA53-FB77-4645-B42D-1CCCA6BD08BD}") = "Inlämning2nodejs", "Inlämning2nodejs.njsproj", "{775FB348-4A36-4A9D-A2F5-EFCBF03B4B6C}"
EndProject
Global
	GlobalSection(SolutionConfigurationPlatforms) = preSolution
		Debug|Any CPU = Debug|Any CPU
		Release|Any CPU = Release|Any CPU
	EndGlobalSection
	GlobalSection(ProjectConfigurationPlatforms) = postSolution
		{775FB348-4A36-4A9D-A2F5-EFCBF03B4B6C}.Debug|Any CPU.ActiveCfg = Debug|Any CPU
		{775FB348-4A36-4A9D-A2F5-EFCBF03B4B6C}.Debug|Any CPU.Build.0 = Debug|Any CPU
		{775FB348-4A36-4A9D-A2F5-EFCBF03B4B6C}.Release|Any CPU.ActiveCfg = Release|Any CPU
		{775FB348-4A36-4A9D-A2F5-EFCBF03B4B6C}.Release|Any CPU.Build.0 = Release|Any CPU
	EndGlobalSection
	GlobalSection(SolutionProperties) = preSolution
		HideSolutionNode = FALSE
	EndGlobalSection
	GlobalSection(ExtensibilityGlobals) = postSolution
		SolutionGuid = {A14B58BD-0B60-4232-9CD0-E77B3C048E8C}
	EndGlobalSection
EndGlobal
